<Solution>
  <Folder Name="/src/">
    <Project Path="src/Forge.Api/Forge.Api.csproj" />
    <Project Path="src/Forge.Domain/Forge.Domain.csproj" />
    <Project Path="src/Forge.Infrastructure/Forge.Infrastructure.csproj" />
    <Project Path="src/Forge.Worker/Forge.Worker.csproj" />
    <Project Path="src/Forge.Workflows/Forge.Workflows.csproj" />
  </Folder>
  <Folder Name="/tests/">
    <Project Path="tests/Forge.Workflows.Tests/Forge.Workflows.Tests.csproj" />
  </Folder>
</Solution>
